
Microsoft Visual Studio Solution File, Format Version 12.00
# Visual Studio Version 16
VisualStudioVersion = 16.0.31410.357
MinimumVisualStudioVersion = 10.0.40219.1
Project("{FAE04EC0-301F-11D3-BF4B-00C04F79EFBC}") = "pr-32_prakt15_4_OAP_ZhuravlevTimofeyVasilievich", "pr-32_prakt15_4_OAP_ZhuravlevTimofeyVasilievich\pr-32_prakt15_4_OAP_ZhuravlevTimofeyVasilievich.csproj", "{5F23C54A-C5A9-4A38-B069-5A448D21481A}"
EndProject
Global
	GlobalSection(SolutionConfigurationPlatforms) = preSolution
		Debug|Any CPU = Debug|Any CPU
		Release|Any CPU = Release|Any CPU
	EndGlobalSection
	GlobalSection(ProjectConfigurationPlatforms) = postSolution
		{5F23C54A-C5A9-4A38-B069-5A448D21481A}.Debug|Any CPU.ActiveCfg = Debug|Any CPU
		{5F23C54A-C5A9-4A38-B069-5A448D21481A}.Debug|Any CPU.Build.0 = Debug|Any CPU
		{5F23C54A-C5A9-4A38-B069-5A448D21481A}.Release|Any CPU.ActiveCfg = Release|Any CPU
		{5F23C54A-C5A9-4A38-B069-5A448D21481A}.Release|Any CPU.Build.0 = Release|Any CPU
	EndGlobalSection
	GlobalSection(SolutionProperties) = preSolution
		HideSolutionNode = FALSE
	EndGlobalSection
	GlobalSection(ExtensibilityGlobals) = postSolution
		SolutionGuid = {F7615725-ABDD-4878-AD6A-BCEF6965B5AD}
	EndGlobalSection
EndGlobal
